
Microsoft Visual Studio Solution File, Format Version 12.00
# Visual Studio Version 16
VisualStudioVersion = 16.0.29920.165
MinimumVisualStudioVersion = 10.0.40219.1
Project("{FAE04EC0-301F-11D3-BF4B-00C04F79EFBC}") = "DMIEditor", "DMIEditor\DMIEditor.csproj", "{B10AA79D-F637-4A6A-874C-24B767E7581B}"
EndProject
Project("{FAE04EC0-301F-11D3-BF4B-00C04F79EFBC}") = "DMI_Parser", "dmi_parser\DMI_Parser.csproj", "{21A1961E-46BD-4AA0-BFE3-FFB68CDDCBD4}"
EndProject
Global
	GlobalSection(SolutionConfigurationPlatforms) = preSolution
		Debug|Any CPU = Debug|Any CPU
		Release|Any CPU = Release|Any CPU
	EndGlobalSection
	GlobalSection(ProjectConfigurationPlatforms) = postSolution
		{B10AA79D-F637-4A6A-874C-24B767E7581B}.Debug|Any CPU.ActiveCfg = Debug|Any CPU
		{B10AA79D-F637-4A6A-874C-24B767E7581B}.Debug|Any CPU.Build.0 = Debug|Any CPU
		{B10AA79D-F637-4A6A-874C-24B767E7581B}.Release|Any CPU.ActiveCfg = Release|Any CPU
		{B10AA79D-F637-4A6A-874C-24B767E7581B}.Release|Any CPU.Build.0 = Release|Any CPU
		{21A1961E-46BD-4AA0-BFE3-FFB68CDDCBD4}.Debug|Any CPU.ActiveCfg = Debug|Any CPU
		{21A1961E-46BD-4AA0-BFE3-FFB68CDDCBD4}.Debug|Any CPU.Build.0 = Debug|Any CPU
		{21A1961E-46BD-4AA0-BFE3-FFB68CDDCBD4}.Release|Any CPU.ActiveCfg = Release|Any CPU
		{21A1961E-46BD-4AA0-BFE3-FFB68CDDCBD4}.Release|Any CPU.Build.0 = Release|Any CPU
	EndGlobalSection
	GlobalSection(SolutionProperties) = preSolution
		HideSolutionNode = FALSE
	EndGlobalSection
	GlobalSection(ExtensibilityGlobals) = postSolution
		SolutionGuid = {301BB674-4527-4829-8E7E-2AEDAA8CCFA9}
	EndGlobalSection
EndGlobal
